
Microsoft Visual Studio Solution File, Format Version 12.00
# Visual Studio 15
VisualStudioVersion = 15.0.28307.271
MinimumVisualStudioVersion = 10.0.40219.1
Project("{2150E333-8FDC-42A3-9474-1A3956D46DE8}") = "src", "src", "{88388C7A-57FF-45C4-9D18-83712FBDA822}"
EndProject
Project("{FAE04EC0-301F-11D3-BF4B-00C04F79EFBC}") = "CleanArch.Api", "src\CleanArch.Api\CleanArch.Api.csproj", "{75EBD213-E949-473F-BE17-0B45202D277E}"
EndProject
Project("{FAE04EC0-301F-11D3-BF4B-00C04F79EFBC}") = "CleanArch.Core", "src\CleanArch.Core\CleanArch.Core.csproj", "{F7689D7F-8EF0-4969-93F4-19AFDAD0D9A2}"
EndProject
Project("{FAE04EC0-301F-11D3-BF4B-00C04F79EFBC}") = "CleanArch.Infrastructure", "src\CleanArch.Infrastructure\CleanArch.Infrastructure.csproj", "{C5BDE807-3AAF-4B2F-8AB0-138D7B8CE9CD}"
EndProject
Project("{2150E333-8FDC-42A3-9474-1A3956D46DE8}") = "test", "test", "{B17E46B6-BF9C-48DC-975C-9BCA3B6C0DA7}"
EndProject
Project("{9A19103F-16F7-4668-BE54-9A1E7A4F7556}") = "CleanArch.Api.Test", "test\CleanArch.Api.Test\CleanArch.Api.Test.csproj", "{79D24CD9-F1D5-4E63-8765-D38F0F14BBCE}"
EndProject
Project("{9A19103F-16F7-4668-BE54-9A1E7A4F7556}") = "CleanArch.Core.Test", "test\CleanArch.Core.Test\CleanArch.Core.Test.csproj", "{38C15F59-1FF4-4DEC-A75B-A24955B2D3A5}"
EndProject
Project("{9A19103F-16F7-4668-BE54-9A1E7A4F7556}") = "CleanArch.Infrastructure.Test", "test\CleanArch.Infrastructure.Test\CleanArch.Infrastructure.Test.csproj", "{F5431EAA-6997-4444-8AF3-D06389D7EC0A}"
EndProject
Global
	GlobalSection(SolutionConfigurationPlatforms) = preSolution
		Debug|Any CPU = Debug|Any CPU
		Release|Any CPU = Release|Any CPU
	EndGlobalSection
	GlobalSection(ProjectConfigurationPlatforms) = postSolution
		{75EBD213-E949-473F-BE17-0B45202D277E}.Debug|Any CPU.ActiveCfg = Debug|Any CPU
		{75EBD213-E949-473F-BE17-0B45202D277E}.Debug|Any CPU.Build.0 = Debug|Any CPU
		{75EBD213-E949-473F-BE17-0B45202D277E}.Release|Any CPU.ActiveCfg = Release|Any CPU
		{75EBD213-E949-473F-BE17-0B45202D277E}.Release|Any CPU.Build.0 = Release|Any CPU
		{F7689D7F-8EF0-4969-93F4-19AFDAD0D9A2}.Debug|Any CPU.ActiveCfg = Debug|Any CPU
		{F7689D7F-8EF0-4969-93F4-19AFDAD0D9A2}.Debug|Any CPU.Build.0 = Debug|Any CPU
		{F7689D7F-8EF0-4969-93F4-19AFDAD0D9A2}.Release|Any CPU.ActiveCfg = Release|Any CPU
		{F7689D7F-8EF0-4969-93F4-19AFDAD0D9A2}.Release|Any CPU.Build.0 = Release|Any CPU
		{C5BDE807-3AAF-4B2F-8AB0-138D7B8CE9CD}.Debug|Any CPU.ActiveCfg = Debug|Any CPU
		{C5BDE807-3AAF-4B2F-8AB0-138D7B8CE9CD}.Debug|Any CPU.Build.0 = Debug|Any CPU
		{C5BDE807-3AAF-4B2F-8AB0-138D7B8CE9CD}.Release|Any CPU.ActiveCfg = Release|Any CPU
		{C5BDE807-3AAF-4B2F-8AB0-138D7B8CE9CD}.Release|Any CPU.Build.0 = Release|Any CPU
		{79D24CD9-F1D5-4E63-8765-D38F0F14BBCE}.Debug|Any CPU.ActiveCfg = Debug|Any CPU
		{79D24CD9-F1D5-4E63-8765-D38F0F14BBCE}.Debug|Any CPU.Build.0 = Debug|Any CPU
		{79D24CD9-F1D5-4E63-8765-D38F0F14BBCE}.Release|Any CPU.ActiveCfg = Release|Any CPU
		{79D24CD9-F1D5-4E63-8765-D38F0F14BBCE}.Release|Any CPU.Build.0 = Release|Any CPU
		{38C15F59-1FF4-4DEC-A75B-A24955B2D3A5}.Debug|Any CPU.ActiveCfg = Debug|Any CPU
		{38C15F59-1FF4-4DEC-A75B-A24955B2D3A5}.Debug|Any CPU.Build.0 = Debug|Any CPU
		{38C15F59-1FF4-4DEC-A75B-A24955B2D3A5}.Release|Any CPU.ActiveCfg = Release|Any CPU
		{38C15F59-1FF4-4DEC-A75B-A24955B2D3A5}.Release|Any CPU.Build.0 = Release|Any CPU
		{F5431EAA-6997-4444-8AF3-D06389D7EC0A}.Debug|Any CPU.ActiveCfg = Debug|Any CPU
		{F5431EAA-6997-4444-8AF3-D06389D7EC0A}.Debug|Any CPU.Build.0 = Debug|Any CPU
		{F5431EAA-6997-4444-8AF3-D06389D7EC0A}.Release|Any CPU.ActiveCfg = Release|Any CPU
		{F5431EAA-6997-4444-8AF3-D06389D7EC0A}.Release|Any CPU.Build.0 = Release|Any CPU
	EndGlobalSection
	GlobalSection(SolutionProperties) = preSolution
		HideSolutionNode = FALSE
	EndGlobalSection
	GlobalSection(NestedProjects) = preSolution
		{75EBD213-E949-473F-BE17-0B45202D277E} = {88388C7A-57FF-45C4-9D18-83712FBDA822}
		{F7689D7F-8EF0-4969-93F4-19AFDAD0D9A2} = {88388C7A-57FF-45C4-9D18-83712FBDA822}
		{C5BDE807-3AAF-4B2F-8AB0-138D7B8CE9CD} = {88388C7A-57FF-45C4-9D18-83712FBDA822}
		{79D24CD9-F1D5-4E63-8765-D38F0F14BBCE} = {B17E46B6-BF9C-48DC-975C-9BCA3B6C0DA7}
		{38C15F59-1FF4-4DEC-A75B-A24955B2D3A5} = {B17E46B6-BF9C-48DC-975C-9BCA3B6C0DA7}
		{F5431EAA-6997-4444-8AF3-D06389D7EC0A} = {B17E46B6-BF9C-48DC-975C-9BCA3B6C0DA7}
	EndGlobalSection
	GlobalSection(ExtensibilityGlobals) = postSolution
		SolutionGuid = {E595181F-CA74-4932-B0FA-344757D4DD45}
	EndGlobalSection
EndGlobal
